// !$*UTF8*$!
{
	archiveVersion = 1;
	classes = {};
	objectVersion = 56;
	objects = {
		38DD8C92C5D44F2FAA5B4AA6 = { isa = PBXFileReference; lastKnownFileType = sourcecode.swift; path = AssistanceView.swift; sourceTree = "<group>"; };
		41E6A4377136E51C66E7F8DA = { isa = PBXBuildFile; fileRef = 38DD8C92C5D44F2FAA5B4AA6; };
		76A627A39279039FA4BDB39E = { isa = PBXFileReference; lastKnownFileType = sourcecode.swift; path = CommunityView.swift; sourceTree = "<group>"; };
		798EB782233D8A451AFF516D = { isa = PBXBuildFile; fileRef = 76A627A39279039FA4BDB39E; };
		F6A6ABC622C8A615B5E97F17 = { isa = PBXFileReference; lastKnownFileType = sourcecode.swift; path = DesignSystem.swift; sourceTree = "<group>"; };
		8C6C64A5FA7FCD1367ADBDCB = { isa = PBXBuildFile; fileRef = F6A6ABC622C8A615B5E97F17; };
		B7745472080FD4CB0A658772 = { isa = PBXFileReference; lastKnownFileType = sourcecode.swift; path = GuideView.swift; sourceTree = "<group>"; };
		D5E14B269617ADD0D8B80AE0 = { isa = PBXBuildFile; fileRef = B7745472080FD4CB0A658772; };
		932A30917AB52D018CCE9E08 = { isa = PBXFileReference; lastKnownFileType = sourcecode.swift; path = JourneyView.swift; sourceTree = "<group>"; };
		F67E10F8471A1F85188F6D75 = { isa = PBXBuildFile; fileRef = 932A30917AB52D018CCE9E08; };
		1B0C8FAFE1B09544C5912233 = { isa = PBXFileReference; lastKnownFileType = sourcecode.swift; path = Models.swift; sourceTree = "<group>"; };
		C28E3B592A560C32484F497E = { isa = PBXBuildFile; fileRef = 1B0C8FAFE1B09544C5912233; };
		2A6DA43EEAA8E5192ACF8CFD = { isa = PBXFileReference; lastKnownFileType = sourcecode.swift; path = Services.swift; sourceTree = "<group>"; };
		67DED845EB0AA5BBB0AE3A15 = { isa = PBXBuildFile; fileRef = 2A6DA43EEAA8E5192ACF8CFD; };
		EA31B16059D4652E0AE25602 = { isa = PBXFileReference; lastKnownFileType = sourcecode.swift; path = Stores.swift; sourceTree = "<group>"; };
		2C2457F544FE18116B64B36F = { isa = PBXBuildFile; fileRef = EA31B16059D4652E0AE25602; };
		380376220474ADBC2FAF5E0A = { isa = PBXFileReference; lastKnownFileType = sourcecode.swift; path = WaySignalApp.swift; sourceTree = "<group>"; };
		4E660696E8575932ED4AE728 = { isa = PBXBuildFile; fileRef = 380376220474ADBC2FAF5E0A; };
		38A007151ABE87CC01A5B6E9 = { isa = PBXFileReference; explicitFileType = wrapper.application; includeInIndex = 0; path = WaySignal.app; sourceTree = BUILT_PRODUCTS_DIR; };
		96DC7B6B5526E30EFB51C316 = { isa = PBXGroup; children = (38DD8C92C5D44F2FAA5B4AA6, 76A627A39279039FA4BDB39E, F6A6ABC622C8A615B5E97F17, B7745472080FD4CB0A658772, 932A30917AB52D018CCE9E08, 1B0C8FAFE1B09544C5912233, 2A6DA43EEAA8E5192ACF8CFD, EA31B16059D4652E0AE25602, 380376220474ADBC2FAF5E0A,); path = WaySignal; sourceTree = "<group>"; };
		FBDC4F23F93125BBEEAE800C = { isa = PBXGroup; children = (38A007151ABE87CC01A5B6E9,); name = Products; sourceTree = "<group>"; };
		870B3294C0CBD48AF6BBCC1B = { isa = PBXGroup; children = (96DC7B6B5526E30EFB51C316, FBDC4F23F93125BBEEAE800C,); sourceTree = "<group>"; };
		BCE16DD0260827ECF338C787 = { isa = PBXSourcesBuildPhase; buildActionMask = 2147483647; files = (41E6A4377136E51C66E7F8DA, 798EB782233D8A451AFF516D, 8C6C64A5FA7FCD1367ADBDCB, D5E14B269617ADD0D8B80AE0, F67E10F8471A1F85188F6D75, C28E3B592A560C32484F497E, 67DED845EB0AA5BBB0AE3A15, 2C2457F544FE18116B64B36F, 4E660696E8575932ED4AE728,); runOnlyForDeploymentPostprocessing = 0; };
		7561BFB015D8F536760CB671 = { isa = PBXFrameworksBuildPhase; buildActionMask = 2147483647; files = (); runOnlyForDeploymentPostprocessing = 0; };
		0189424A5A60FED329FA868E = { isa = PBXResourcesBuildPhase; buildActionMask = 2147483647; files = (); runOnlyForDeploymentPostprocessing = 0; };
		ED8772ADEC3A6C25161BC957 = { isa = XCBuildConfiguration; buildSettings = { SDKROOT = iphoneos; IPHONEOS_DEPLOYMENT_TARGET = 17.0; CLANG_ENABLE_MODULES = YES; SWIFT_VERSION = 5.0; SWIFT_OPTIMIZATION_LEVEL = "-Onone"; SWIFT_ACTIVE_COMPILATION_CONDITIONS = DEBUG; DEBUG_INFORMATION_FORMAT = dwarf; }; name = Debug; };
		4D8F54E7CBAF670D9F6C230D = { isa = XCBuildConfiguration; buildSettings = { PRODUCT_BUNDLE_IDENTIFIER = org.waysignal.ios; PRODUCT_NAME = "$(TARGET_NAME)"; CODE_SIGN_STYLE = Automatic; DEVELOPMENT_TEAM = ""; TARGETED_DEVICE_FAMILY = 1; INFOPLIST_FILE = "WaySignal/Info-Debug.plist"; GENERATE_INFOPLIST_FILE = NO; CURRENT_PROJECT_VERSION = 1; MARKETING_VERSION = 0.1.0; SWIFT_EMIT_LOC_STRINGS = YES; ENABLE_PREVIEWS = YES; LD_RUNPATH_SEARCH_PATHS = "$(inherited) @executable_path/Frameworks"; }; name = Debug; };
		00F209874A1F7309F6DCEAA7 = { isa = XCBuildConfiguration; buildSettings = { SDKROOT = iphoneos; IPHONEOS_DEPLOYMENT_TARGET = 17.0; CLANG_ENABLE_MODULES = YES; SWIFT_VERSION = 5.0; SWIFT_OPTIMIZATION_LEVEL = "-O"; DEBUG_INFORMATION_FORMAT = "dwarf-with-dsym"; VALIDATE_PRODUCT = YES; }; name = Release; };
		1A6EFC2CD0AF63DD14BE0438 = { isa = XCBuildConfiguration; buildSettings = { PRODUCT_BUNDLE_IDENTIFIER = org.waysignal.ios; PRODUCT_NAME = "$(TARGET_NAME)"; CODE_SIGN_STYLE = Automatic; DEVELOPMENT_TEAM = ""; TARGETED_DEVICE_FAMILY = 1; INFOPLIST_FILE = "WaySignal/Info-Release.plist"; GENERATE_INFOPLIST_FILE = NO; CURRENT_PROJECT_VERSION = 1; MARKETING_VERSION = 0.1.0; SWIFT_EMIT_LOC_STRINGS = YES; ENABLE_PREVIEWS = YES; LD_RUNPATH_SEARCH_PATHS = "$(inherited) @executable_path/Frameworks"; }; name = Release; };
		640DC9EFD529235A8D9E2727 = { isa = XCConfigurationList; buildConfigurations = (ED8772ADEC3A6C25161BC957, 00F209874A1F7309F6DCEAA7,); defaultConfigurationIsVisible = 0; defaultConfigurationName = Release; };
		976B52545947CA66FD9EF2A4 = { isa = XCConfigurationList; buildConfigurations = (4D8F54E7CBAF670D9F6C230D, 1A6EFC2CD0AF63DD14BE0438,); defaultConfigurationIsVisible = 0; defaultConfigurationName = Release; };
		0E8A3AD980EC179856012B7E = { isa = PBXNativeTarget; buildConfigurationList = 976B52545947CA66FD9EF2A4; buildPhases = (BCE16DD0260827ECF338C787, 7561BFB015D8F536760CB671, 0189424A5A60FED329FA868E,); buildRules = (); dependencies = (); name = WaySignal; productName = WaySignal; productReference = 38A007151ABE87CC01A5B6E9; productType = "com.apple.product-type.application"; };
		98F54143AB4E86B28C3AFEE0 = { isa = PBXProject; attributes = { LastUpgradeCheck = 1600; }; buildConfigurationList = 640DC9EFD529235A8D9E2727; compatibilityVersion = "Xcode 14.0"; developmentRegion = en; hasScannedForEncodings = 0; knownRegions = (en, Base,); mainGroup = 870B3294C0CBD48AF6BBCC1B; productRefGroup = FBDC4F23F93125BBEEAE800C; projectDirPath = ""; projectRoot = ""; targets = (0E8A3AD980EC179856012B7E,); };
	};
	rootObject = 98F54143AB4E86B28C3AFEE0;
}
